
Microsoft Visual Studio Solution File, Format Version 12.00
# Visual Studio Version 17
VisualStudioVersion = 17.1.32421.90
MinimumVisualStudioVersion = 10.0.40219.1
Project("{2150E333-8FDC-42A3-9474-1A3956D46DE8}") = "Enterprise Business Rules", "Enterprise Business Rules", "{289C2C27-02F1-4AF3-84B2-3CBCF197302D}"
EndProject
Project("{9A19103F-16F7-4668-BE54-9A1E7A4F7556}") = "MiPlazoleta.Entities", "MiPlazoleta.Entities\MiPlazoleta.Entities.csproj", "{DF4F2A5D-0946-40E3-93BC-D3B5A6F1B74B}"
EndProject
Project("{2150E333-8FDC-42A3-9474-1A3956D46DE8}") = "Aplication Business Rules", "Aplication Business Rules", "{0BFC08B3-F70B-42AC-A512-B01B5473366F}"
EndProject
Project("{2150E333-8FDC-42A3-9474-1A3956D46DE8}") = "Interfaces Adapters", "Interfaces Adapters", "{092AB551-9E31-46FF-A9FC-FAE717F9331F}"
EndProject
Project("{2150E333-8FDC-42A3-9474-1A3956D46DE8}") = "Framework And Drivers", "Framework And Drivers", "{2FBD003A-88FE-488A-AE6D-127C33965B87}"
EndProject
Project("{2150E333-8FDC-42A3-9474-1A3956D46DE8}") = "Gateways", "Gateways", "{36BA32AE-6EA3-45E5-BEEE-A2DFE53DC702}"
EndProject
Project("{9A19103F-16F7-4668-BE54-9A1E7A4F7556}") = "Miplazoleta.RepositorioEFcore", "Mipalzoleta.RepositorioEFcore\Miplazoleta.RepositorioEFcore.csproj", "{BFB0B7CB-B902-4DF5-BAD0-0791D732A7FC}"
EndProject
Project("{9A19103F-16F7-4668-BE54-9A1E7A4F7556}") = "Miplazoleta.DTOs", "Miplazoleta.DTOs\Miplazoleta.DTOs.csproj", "{B310D8E3-652F-47EB-BFCF-3207E0172619}"
EndProject
Project("{9A19103F-16F7-4668-BE54-9A1E7A4F7556}") = "Miplazoleta.UseCasePort", "Miplazoleta.UseCasePort\Miplazoleta.UseCasePort.csproj", "{BA254EA9-7B9B-42E3-A35A-3592E1CB656E}"
EndProject
Project("{9A19103F-16F7-4668-BE54-9A1E7A4F7556}") = "Miplazoleta.UseCases", "Miplazoleta.UseCases\Miplazoleta.UseCases.csproj", "{29CB2967-51B6-4290-8245-44DE7014AF33}"
EndProject
Project("{2150E333-8FDC-42A3-9474-1A3956D46DE8}") = "Controllers", "Controllers", "{8CA67D32-4F4E-4909-97C3-91CAEDF83F16}"
EndProject
Project("{9A19103F-16F7-4668-BE54-9A1E7A4F7556}") = "Miplazoleta.Controllers", "Miplazoleta.Controllers\Miplazoleta.Controllers.csproj", "{8E32D84F-2214-47EA-B12E-4E3D27F2FFAD}"
EndProject
Project("{2150E333-8FDC-42A3-9474-1A3956D46DE8}") = "Presenters", "Presenters", "{E8845F1F-EBDA-44EB-B97C-3436075A9DD2}"
EndProject
Project("{9A19103F-16F7-4668-BE54-9A1E7A4F7556}") = "Miplazoleta.Presenters", "Miplazoleta.Presenters\Miplazoleta.Presenters.csproj", "{4A27CDFB-1F9D-4DE7-A108-EFE655FFB36E}"
EndProject
Project("{9A19103F-16F7-4668-BE54-9A1E7A4F7556}") = "Miplazoleta.IoC", "Miplazoleta.IoC\Miplazoleta.IoC.csproj", "{F5D27D4A-CDD0-463C-B9D8-054F204FFC99}"
EndProject
Project("{2150E333-8FDC-42A3-9474-1A3956D46DE8}") = "UIs", "UIs", "{9D6D8E74-084E-48E1-B647-ED281C897E8D}"
EndProject
Project("{9A19103F-16F7-4668-BE54-9A1E7A4F7556}") = "Miplazoleta.Api", "Miplazoleta.Api\Miplazoleta.Api.csproj", "{0231F524-8A9D-470B-B7F9-3F6CDAE54294}"
EndProject
Global
	GlobalSection(SolutionConfigurationPlatforms) = preSolution
		Debug|Any CPU = Debug|Any CPU
		Release|Any CPU = Release|Any CPU
	EndGlobalSection
	GlobalSection(ProjectConfigurationPlatforms) = postSolution
		{DF4F2A5D-0946-40E3-93BC-D3B5A6F1B74B}.Debug|Any CPU.ActiveCfg = Debug|Any CPU
		{DF4F2A5D-0946-40E3-93BC-D3B5A6F1B74B}.Debug|Any CPU.Build.0 = Debug|Any CPU
		{DF4F2A5D-0946-40E3-93BC-D3B5A6F1B74B}.Release|Any CPU.ActiveCfg = Release|Any CPU
		{DF4F2A5D-0946-40E3-93BC-D3B5A6F1B74B}.Release|Any CPU.Build.0 = Release|Any CPU
		{BFB0B7CB-B902-4DF5-BAD0-0791D732A7FC}.Debug|Any CPU.ActiveCfg = Debug|Any CPU
		{BFB0B7CB-B902-4DF5-BAD0-0791D732A7FC}.Debug|Any CPU.Build.0 = Debug|Any CPU
		{BFB0B7CB-B902-4DF5-BAD0-0791D732A7FC}.Release|Any CPU.ActiveCfg = Release|Any CPU
		{BFB0B7CB-B902-4DF5-BAD0-0791D732A7FC}.Release|Any CPU.Build.0 = Release|Any CPU
		{B310D8E3-652F-47EB-BFCF-3207E0172619}.Debug|Any CPU.ActiveCfg = Debug|Any CPU
		{B310D8E3-652F-47EB-BFCF-3207E0172619}.Debug|Any CPU.Build.0 = Debug|Any CPU
		{B310D8E3-652F-47EB-BFCF-3207E0172619}.Release|Any CPU.ActiveCfg = Release|Any CPU
		{B310D8E3-652F-47EB-BFCF-3207E0172619}.Release|Any CPU.Build.0 = Release|Any CPU
		{BA254EA9-7B9B-42E3-A35A-3592E1CB656E}.Debug|Any CPU.ActiveCfg = Debug|Any CPU
		{BA254EA9-7B9B-42E3-A35A-3592E1CB656E}.Debug|Any CPU.Build.0 = Debug|Any CPU
		{BA254EA9-7B9B-42E3-A35A-3592E1CB656E}.Release|Any CPU.ActiveCfg = Release|Any CPU
		{BA254EA9-7B9B-42E3-A35A-3592E1CB656E}.Release|Any CPU.Build.0 = Release|Any CPU
		{29CB2967-51B6-4290-8245-44DE7014AF33}.Debug|Any CPU.ActiveCfg = Debug|Any CPU
		{29CB2967-51B6-4290-8245-44DE7014AF33}.Debug|Any CPU.Build.0 = Debug|Any CPU
		{29CB2967-51B6-4290-8245-44DE7014AF33}.Release|Any CPU.ActiveCfg = Release|Any CPU
		{29CB2967-51B6-4290-8245-44DE7014AF33}.Release|Any CPU.Build.0 = Release|Any CPU
		{8E32D84F-2214-47EA-B12E-4E3D27F2FFAD}.Debug|Any CPU.ActiveCfg = Debug|Any CPU
		{8E32D84F-2214-47EA-B12E-4E3D27F2FFAD}.Debug|Any CPU.Build.0 = Debug|Any CPU
		{8E32D84F-2214-47EA-B12E-4E3D27F2FFAD}.Release|Any CPU.ActiveCfg = Release|Any CPU
		{8E32D84F-2214-47EA-B12E-4E3D27F2FFAD}.Release|Any CPU.Build.0 = Release|Any CPU
		{4A27CDFB-1F9D-4DE7-A108-EFE655FFB36E}.Debug|Any CPU.ActiveCfg = Debug|Any CPU
		{4A27CDFB-1F9D-4DE7-A108-EFE655FFB36E}.Debug|Any CPU.Build.0 = Debug|Any CPU
		{4A27CDFB-1F9D-4DE7-A108-EFE655FFB36E}.Release|Any CPU.ActiveCfg = Release|Any CPU
		{4A27CDFB-1F9D-4DE7-A108-EFE655FFB36E}.Release|Any CPU.Build.0 = Release|Any CPU
		{F5D27D4A-CDD0-463C-B9D8-054F204FFC99}.Debug|Any CPU.ActiveCfg = Debug|Any CPU
		{F5D27D4A-CDD0-463C-B9D8-054F204FFC99}.Debug|Any CPU.Build.0 = Debug|Any CPU
		{F5D27D4A-CDD0-463C-B9D8-054F204FFC99}.Release|Any CPU.ActiveCfg = Release|Any CPU
		{F5D27D4A-CDD0-463C-B9D8-054F204FFC99}.Release|Any CPU.Build.0 = Release|Any CPU
		{0231F524-8A9D-470B-B7F9-3F6CDAE54294}.Debug|Any CPU.ActiveCfg = Debug|Any CPU
		{0231F524-8A9D-470B-B7F9-3F6CDAE54294}.Debug|Any CPU.Build.0 = Debug|Any CPU
		{0231F524-8A9D-470B-B7F9-3F6CDAE54294}.Release|Any CPU.ActiveCfg = Release|Any CPU
		{0231F524-8A9D-470B-B7F9-3F6CDAE54294}.Release|Any CPU.Build.0 = Release|Any CPU
	EndGlobalSection
	GlobalSection(SolutionProperties) = preSolution
		HideSolutionNode = FALSE
	EndGlobalSection
	GlobalSection(NestedProjects) = preSolution
		{DF4F2A5D-0946-40E3-93BC-D3B5A6F1B74B} = {289C2C27-02F1-4AF3-84B2-3CBCF197302D}
		{36BA32AE-6EA3-45E5-BEEE-A2DFE53DC702} = {092AB551-9E31-46FF-A9FC-FAE717F9331F}
		{BFB0B7CB-B902-4DF5-BAD0-0791D732A7FC} = {36BA32AE-6EA3-45E5-BEEE-A2DFE53DC702}
		{B310D8E3-652F-47EB-BFCF-3207E0172619} = {0BFC08B3-F70B-42AC-A512-B01B5473366F}
		{BA254EA9-7B9B-42E3-A35A-3592E1CB656E} = {0BFC08B3-F70B-42AC-A512-B01B5473366F}
		{29CB2967-51B6-4290-8245-44DE7014AF33} = {0BFC08B3-F70B-42AC-A512-B01B5473366F}
		{8CA67D32-4F4E-4909-97C3-91CAEDF83F16} = {092AB551-9E31-46FF-A9FC-FAE717F9331F}
		{8E32D84F-2214-47EA-B12E-4E3D27F2FFAD} = {8CA67D32-4F4E-4909-97C3-91CAEDF83F16}
		{E8845F1F-EBDA-44EB-B97C-3436075A9DD2} = {092AB551-9E31-46FF-A9FC-FAE717F9331F}
		{4A27CDFB-1F9D-4DE7-A108-EFE655FFB36E} = {E8845F1F-EBDA-44EB-B97C-3436075A9DD2}
		{F5D27D4A-CDD0-463C-B9D8-054F204FFC99} = {36BA32AE-6EA3-45E5-BEEE-A2DFE53DC702}
		{9D6D8E74-084E-48E1-B647-ED281C897E8D} = {2FBD003A-88FE-488A-AE6D-127C33965B87}
		{0231F524-8A9D-470B-B7F9-3F6CDAE54294} = {9D6D8E74-084E-48E1-B647-ED281C897E8D}
	EndGlobalSection
	GlobalSection(ExtensibilityGlobals) = postSolution
		SolutionGuid = {739A81A1-B07C-4D5F-93F3-E5BFC2A3FB6B}
	EndGlobalSection
EndGlobal
